
Microsoft Visual Studio Solution File, Format Version 12.00
# Visual Studio 14
VisualStudioVersion = 14.0.23107.0
MinimumVisualStudioVersion = 10.0.40219.1
Project("{FAE04EC0-301F-11D3-BF4B-00C04F79EFBC}") = "Contas", "Contas\Contas.csproj", "{4AFB3712-BC45-441D-9141-EE0DB58D5D0E}"
EndProject
Global
	GlobalSection(SolutionConfigurationPlatforms) = preSolution
		Debug|Any CPU = Debug|Any CPU
		Release|Any CPU = Release|Any CPU
	EndGlobalSection
	GlobalSection(ProjectConfigurationPlatforms) = postSolution
		{4AFB3712-BC45-441D-9141-EE0DB58D5D0E}.Debug|Any CPU.ActiveCfg = Debug|Any CPU
		{4AFB3712-BC45-441D-9141-EE0DB58D5D0E}.Debug|Any CPU.Build.0 = Debug|Any CPU
		{4AFB3712-BC45-441D-9141-EE0DB58D5D0E}.Release|Any CPU.ActiveCfg = Release|Any CPU
		{4AFB3712-BC45-441D-9141-EE0DB58D5D0E}.Release|Any CPU.Build.0 = Release|Any CPU
	EndGlobalSection
	GlobalSection(SolutionProperties) = preSolution
		HideSolutionNode = FALSE
	EndGlobalSection
EndGlobal
